
Microsoft Visual Studio Solution File, Format Version 12.00
# Visual Studio Version 17
VisualStudioVersion = 17.13.35931.197 d17.13
MinimumVisualStudioVersion = 10.0.40219.1
Project("{FAE04EC0-301F-11D3-BF4B-00C04F79EFBC}") = "ApiApp1", "ApiApp1\ApiApp1.csproj", "{260BCEEE-09ED-49DC-9980-E0984F9800E7}"
EndProject
Global
	GlobalSection(SolutionConfigurationPlatforms) = preSolution
		Debug|Any CPU = Debug|Any CPU
		Release|Any CPU = Release|Any CPU
	EndGlobalSection
	GlobalSection(ProjectConfigurationPlatforms) = postSolution
		{260BCEEE-09ED-49DC-9980-E0984F9800E7}.Debug|Any CPU.ActiveCfg = Debug|Any CPU
		{260BCEEE-09ED-49DC-9980-E0984F9800E7}.Debug|Any CPU.Build.0 = Debug|Any CPU
		{260BCEEE-09ED-49DC-9980-E0984F9800E7}.Release|Any CPU.ActiveCfg = Release|Any CPU
		{260BCEEE-09ED-49DC-9980-E0984F9800E7}.Release|Any CPU.Build.0 = Release|Any CPU
	EndGlobalSection
	GlobalSection(SolutionProperties) = preSolution
		HideSolutionNode = FALSE
	EndGlobalSection
	GlobalSection(ExtensibilityGlobals) = postSolution
		SolutionGuid = {B757F9BD-7D75-4F73-AF2D-2562B7223AEA}
	EndGlobalSection
EndGlobal
